
Microsoft Visual Studio Solution File, Format Version 12.00
# Visual Studio Version 16
VisualStudioVersion = 16.0.30717.126
MinimumVisualStudioVersion = 10.0.40219.1
Project("{FAE04EC0-301F-11D3-BF4B-00C04F79EFBC}") = "MatchGame1", "MatchGame1\MatchGame1.csproj", "{028451E3-4C7D-4067-A266-7BD91A59359D}"
EndProject
Global
	GlobalSection(SolutionConfigurationPlatforms) = preSolution
		Debug|Any CPU = Debug|Any CPU
		Release|Any CPU = Release|Any CPU
	EndGlobalSection
	GlobalSection(ProjectConfigurationPlatforms) = postSolution
		{028451E3-4C7D-4067-A266-7BD91A59359D}.Debug|Any CPU.ActiveCfg = Debug|Any CPU
		{028451E3-4C7D-4067-A266-7BD91A59359D}.Debug|Any CPU.Build.0 = Debug|Any CPU
		{028451E3-4C7D-4067-A266-7BD91A59359D}.Release|Any CPU.ActiveCfg = Release|Any CPU
		{028451E3-4C7D-4067-A266-7BD91A59359D}.Release|Any CPU.Build.0 = Release|Any CPU
	EndGlobalSection
	GlobalSection(SolutionProperties) = preSolution
		HideSolutionNode = FALSE
	EndGlobalSection
	GlobalSection(ExtensibilityGlobals) = postSolution
		SolutionGuid = {F9A7C4D9-883F-4EF5-BD57-37E0AEFAF108}
	EndGlobalSection
EndGlobal
